
Microsoft Visual Studio Solution File, Format Version 12.00
# Visual Studio Version 17
VisualStudioVersion = 17.9.34728.123
MinimumVisualStudioVersion = 10.0.40219.1
Project("{FAE04EC0-301F-11D3-BF4B-00C04F79EFBC}") = "SchoolProject.Api", "SchoolProject.Api\SchoolProject.Api.csproj", "{21B9E513-5480-47BF-8800-F66D2714BCEB}"
EndProject
Project("{FAE04EC0-301F-11D3-BF4B-00C04F79EFBC}") = "SchoolProject.Core", "SchoolProject.Core\SchoolProject.Core.csproj", "{D70B30A0-B629-4DE4-9520-491B9A9943F2}"
EndProject
Project("{FAE04EC0-301F-11D3-BF4B-00C04F79EFBC}") = "SchoolProject.Service", "SchoolProject.Service\SchoolProject.Service.csproj", "{FBA2024B-8547-498A-8D17-5693C2C4FF92}"
EndProject
Project("{FAE04EC0-301F-11D3-BF4B-00C04F79EFBC}") = "SchoolProject.Infrastructure", "SchoolProject.Infrastructure\SchoolProject.Infrastructure.csproj", "{68A9BAE7-F773-457F-B995-5F0D1187BAA5}"
EndProject
Project("{FAE04EC0-301F-11D3-BF4B-00C04F79EFBC}") = "SchoolProject.Data", "SchoolProject.Data\SchoolProject.Data.csproj", "{71858F4C-90B9-45CA-8525-D1BDE0691C3E}"
EndProject
Global
	GlobalSection(SolutionConfigurationPlatforms) = preSolution
		Debug|Any CPU = Debug|Any CPU
		Release|Any CPU = Release|Any CPU
	EndGlobalSection
	GlobalSection(ProjectConfigurationPlatforms) = postSolution
		{21B9E513-5480-47BF-8800-F66D2714BCEB}.Debug|Any CPU.ActiveCfg = Debug|Any CPU
		{21B9E513-5480-47BF-8800-F66D2714BCEB}.Debug|Any CPU.Build.0 = Debug|Any CPU
		{21B9E513-5480-47BF-8800-F66D2714BCEB}.Release|Any CPU.ActiveCfg = Release|Any CPU
		{21B9E513-5480-47BF-8800-F66D2714BCEB}.Release|Any CPU.Build.0 = Release|Any CPU
		{D70B30A0-B629-4DE4-9520-491B9A9943F2}.Debug|Any CPU.ActiveCfg = Debug|Any CPU
		{D70B30A0-B629-4DE4-9520-491B9A9943F2}.Debug|Any CPU.Build.0 = Debug|Any CPU
		{D70B30A0-B629-4DE4-9520-491B9A9943F2}.Release|Any CPU.ActiveCfg = Release|Any CPU
		{D70B30A0-B629-4DE4-9520-491B9A9943F2}.Release|Any CPU.Build.0 = Release|Any CPU
		{FBA2024B-8547-498A-8D17-5693C2C4FF92}.Debug|Any CPU.ActiveCfg = Debug|Any CPU
		{FBA2024B-8547-498A-8D17-5693C2C4FF92}.Debug|Any CPU.Build.0 = Debug|Any CPU
		{FBA2024B-8547-498A-8D17-5693C2C4FF92}.Release|Any CPU.ActiveCfg = Release|Any CPU
		{FBA2024B-8547-498A-8D17-5693C2C4FF92}.Release|Any CPU.Build.0 = Release|Any CPU
		{68A9BAE7-F773-457F-B995-5F0D1187BAA5}.Debug|Any CPU.ActiveCfg = Debug|Any CPU
		{68A9BAE7-F773-457F-B995-5F0D1187BAA5}.Debug|Any CPU.Build.0 = Debug|Any CPU
		{68A9BAE7-F773-457F-B995-5F0D1187BAA5}.Release|Any CPU.ActiveCfg = Release|Any CPU
		{68A9BAE7-F773-457F-B995-5F0D1187BAA5}.Release|Any CPU.Build.0 = Release|Any CPU
		{71858F4C-90B9-45CA-8525-D1BDE0691C3E}.Debug|Any CPU.ActiveCfg = Debug|Any CPU
		{71858F4C-90B9-45CA-8525-D1BDE0691C3E}.Debug|Any CPU.Build.0 = Debug|Any CPU
		{71858F4C-90B9-45CA-8525-D1BDE0691C3E}.Release|Any CPU.ActiveCfg = Release|Any CPU
		{71858F4C-90B9-45CA-8525-D1BDE0691C3E}.Release|Any CPU.Build.0 = Release|Any CPU
	EndGlobalSection
	GlobalSection(SolutionProperties) = preSolution
		HideSolutionNode = FALSE
	EndGlobalSection
	GlobalSection(ExtensibilityGlobals) = postSolution
		SolutionGuid = {33419D9A-766C-47EA-9502-40E490B10171}
	EndGlobalSection
EndGlobal
